
Microsoft Visual Studio Solution File, Format Version 12.00
# Visual Studio Version 16
VisualStudioVersion = 16.0.31702.278
MinimumVisualStudioVersion = 10.0.40219.1
Project("{FAE04EC0-301F-11D3-BF4B-00C04F79EFBC}") = "25-10-02 Forms Calculator", "25-10-02 Forms Calculator\25-10-02 Forms Calculator.csproj", "{D0F21CC0-2598-41FD-B886-3DA1440F35B5}"
EndProject
Global
	GlobalSection(SolutionConfigurationPlatforms) = preSolution
		Debug|Any CPU = Debug|Any CPU
		Release|Any CPU = Release|Any CPU
	EndGlobalSection
	GlobalSection(ProjectConfigurationPlatforms) = postSolution
		{D0F21CC0-2598-41FD-B886-3DA1440F35B5}.Debug|Any CPU.ActiveCfg = Debug|Any CPU
		{D0F21CC0-2598-41FD-B886-3DA1440F35B5}.Debug|Any CPU.Build.0 = Debug|Any CPU
		{D0F21CC0-2598-41FD-B886-3DA1440F35B5}.Release|Any CPU.ActiveCfg = Release|Any CPU
		{D0F21CC0-2598-41FD-B886-3DA1440F35B5}.Release|Any CPU.Build.0 = Release|Any CPU
	EndGlobalSection
	GlobalSection(SolutionProperties) = preSolution
		HideSolutionNode = FALSE
	EndGlobalSection
	GlobalSection(ExtensibilityGlobals) = postSolution
		SolutionGuid = {69E78157-EBF9-4537-8DAE-98805A410238}
	EndGlobalSection
EndGlobal
